// !$*UTF8*$!
{
	archiveVersion = 1;
	classes = {
	};
	objectVersion = 50;
	objects = {

/* Begin PBXBuildFile section */
		8D83586A24021BE00079A52D /* AppDelegate.swift in Sources */ = {isa = PBXBuildFile; fileRef = 8D83586924021BE00079A52D /* AppDelegate.swift */; };
		8D83586E24021BE00079A52D /* ViewController.swift in Sources */ = {isa = PBXBuildFile; fileRef = 8D83586D24021BE00079A52D /* ViewController.swift */; };
		8D83587124021BE00079A52D /* Main.storyboard in Resources */ = {isa = PBXBuildFile; fileRef = 8D83586F24021BE00079A52D /* Main.storyboard */; };
		8D83587324021BE30079A52D /* Assets.xcassets in Resources */ = {isa = PBXBuildFile; fileRef = 8D83587224021BE30079A52D /* Assets.xcassets */; };
		8D83587624021BE30079A52D /* LaunchScreen.storyboard in Resources */ = {isa = PBXBuildFile; fileRef = 8D83587424021BE30079A52D /* LaunchScreen.storyboard */; };
		8D83587E240225E70079A52D /* PokerDice.scnassets in Resources */ = {isa = PBXBuildFile; fileRef = 8D83587D240225E70079A52D /* PokerDice.scnassets */; };
/* End PBXBuildFile section */

/* Begin PBXFileReference section */
		8D83586624021BE00079A52D /* ARPokerDice.app */ = {isa = PBXFileReference; explicitFileType = wrapper.application; includeInIndex = 0; path = ARPokerDice.app; sourceTree = BUILT_PRODUCTS_DIR; };
		8D83586924021BE00079A52D /* AppDelegate.swift */ = {isa = PBXFileReference; lastKnownFileType = sourcecode.swift; path = AppDelegate.swift; sourceTree = "<group>"; };
		8D83586D24021BE00079A52D /* ViewController.swift */ = {isa = PBXFileReference; lastKnownFileType = sourcecode.swift; path = ViewController.swift; sourceTree = "<group>"; };
		8D83587024021BE00079A52D /* Base */ = {isa = PBXFileReference; lastKnownFileType = file.storyboard; name = Base; path = Base.lproj/Main.storyboard; sourceTree = "<group>"; };
		8D83587224021BE30079A52D /* Assets.xcassets */ = {isa = PBXFileReference; lastKnownFileType = folder.assetcatalog; path = Assets.xcassets; sourceTree = "<group>"; };
		8D83587524021BE30079A52D /* Base */ = {isa = PBXFileReference; lastKnownFileType = file.storyboard; name = Base; path = Base.lproj/LaunchScreen.storyboard; sourceTree = "<group>"; };
		8D83587724021BE30079A52D /* Info.plist */ = {isa = PBXFileReference; lastKnownFileType = text.plist.xml; path = Info.plist; sourceTree = "<group>"; };
		8D83587D240225E70079A52D /* PokerDice.scnassets */ = {isa = PBXFileReference; lastKnownFileType = wrapper.scnassets; path = PokerDice.scnassets; sourceTree = "<group>"; };
/* End PBXFileReference section */

/* Begin PBXFrameworksBuildPhase section */
		8D83586324021BE00079A52D /* Frameworks */ = {
			isa = PBXFrameworksBuildPhase;
			buildActionMask = 2147483647;
			files = (
			);
			runOnlyForDeploymentPostprocessing = 0;
		};
/* End PBXFrameworksBuildPhase section */

/* Begin PBXGroup section */
		8D83585D24021BE00079A52D = {
			isa = PBXGroup;
			children = (
				8D83586824021BE00079A52D /* ARPokerDice */,
				8D83586724021BE00079A52D /* Products */,
			);
			sourceTree = "<group>";
		};
		8D83586724021BE00079A52D /* Products */ = {
			isa = PBXGroup;
			children = (
				8D83586624021BE00079A52D /* ARPokerDice.app */,
			);
			name = Products;
			sourceTree = "<group>";
		};
		8D83586824021BE00079A52D /* ARPokerDice */ = {
			isa = PBXGroup;
			children = (
				8D83587D240225E70079A52D /* PokerDice.scnassets */,
				8D83586924021BE00079A52D /* AppDelegate.swift */,
				8D83586D24021BE00079A52D /* ViewController.swift */,
				8D83586F24021BE00079A52D /* Main.storyboard */,
				8D83587224021BE30079A52D /* Assets.xcassets */,
				8D83587424021BE30079A52D /* LaunchScreen.storyboard */,
				8D83587724021BE30079A52D /* Info.plist */,
			);
			path = ARPokerDice;
			sourceTree = "<group>";
		};
/* End PBXGroup section */

/* Begin PBXNativeTarget section */
		8D83586524021BE00079A52D /* ARPokerDice */ = {
			isa = PBXNativeTarget;
			buildConfigurationList = 8D83587A24021BE30079A52D /* Build configuration list for PBXNativeTarget "ARPokerDice" */;
			buildPhases = (
				8D83586224021BE00079A52D /* Sources */,
				8D83586324021BE00079A52D /* Frameworks */,
				8D83586424021BE00079A52D /* Resources */,
			);
			buildRules = (
			);
			dependencies = (
			);
			name = ARPokerDice;
			productName = ARPokerDice;
			productReference = 8D83586624021BE00079A52D /* ARPokerDice.app */;
			productType = "com.apple.product-type.application";
		};
/* End PBXNativeTarget section */

/* Begin PBXProject section */
		8D83585E24021BE00079A52D /* Project object */ = {
			isa = PBXProject;
			attributes = {
				LastSwiftUpdateCheck = 1130;
				LastUpgradeCheck = 1130;
				ORGANIZATIONNAME = Myph;
				TargetAttributes = {
					8D83586524021BE00079A52D = {
						CreatedOnToolsVersion = 11.3.1;
					};
				};
			};
			buildConfigurationList = 8D83586124021BE00079A52D /* Build configuration list for PBXProject "ARPokerDice" */;
			compatibilityVersion = "Xcode 9.3";
			developmentRegion = en;
			hasScannedForEncodings = 0;
			knownRegions = (
				en,
				Base,
			);
			mainGroup = 8D83585D24021BE00079A52D;
			productRefGroup = 8D83586724021BE00079A52D /* Products */;
			projectDirPath = "";
			projectRoot = "";
			targets = (
				8D83586524021BE00079A52D /* ARPokerDice */,
			);
		};
/* End PBXProject section */

/* Begin PBXResourcesBuildPhase section */
		8D83586424021BE00079A52D /* Resources */ = {
			isa = PBXResourcesBuildPhase;
			buildActionMask = 2147483647;
			files = (
				8D83587E240225E70079A52D /* PokerDice.scnassets in Resources */,
				8D83587624021BE30079A52D /* LaunchScreen.storyboard in Resources */,
				8D83587324021BE30079A52D /* Assets.xcassets in Resources */,
				8D83587124021BE00079A52D /* Main.storyboard in Resources */,
			);
			runOnlyForDeploymentPostprocessing = 0;
		};
/* End PBXResourcesBuildPhase section */

/* Begin PBXSourcesBuildPhase section */
		8D83586224021BE00079A52D /* Sources */ = {
			isa = PBXSourcesBuildPhase;
			buildActionMask = 2147483647;
			files = (
				8D83586E24021BE00079A52D /* ViewController.swift in Sources */,
				8D83586A24021BE00079A52D /* AppDelegate.swift in Sources */,
			);
			runOnlyForDeploymentPostprocessing = 0;
		};
/* End PBXSourcesBuildPhase section */

/* Begin PBXVariantGroup section */
		8D83586F24021BE00079A52D /* Main.storyboard */ = {
			isa = PBXVariantGroup;
			children = (
				8D83587024021BE00079A52D /* Base */,
			);
			name = Main.storyboard;
			sourceTree = "<group>";
		};
		8D83587424021BE30079A52D /* LaunchScreen.storyboard */ = {
			isa = PBXVariantGroup;
			children = (
				8D83587524021BE30079A52D /* Base */,
			);
			name = LaunchScreen.storyboard;
			sourceTree = "<group>";
		};
/* End PBXVariantGroup section */

/* Begin XCBuildConfiguration section */
		8D83587824021BE30079A52D /* Debug */ = {
			isa = XCBuildConfiguration;
			buildSettings = {
				ALWAYS_SEARCH_USER_PATHS = NO;
				CLANG_ANALYZER_NONNULL = YES;
				CLANG_ANALYZER_NUMBER_OBJECT_CONVERSION = YES_AGGRESSIVE;
				CLANG_CXX_LANGUAGE_STANDARD = "gnu++14";
				CLANG_CXX_LIBRARY = "libc++";
				CLANG_ENABLE_MODULES = YES;
				CLANG_ENABLE_OBJC_ARC = YES;
				CLANG_ENABLE_OBJC_WEAK = YES;
				CLANG_WARN_BLOCK_CAPTURE_AUTORELEASING = YES;
				CLANG_WARN_BOOL_CONVERSION = YES;
				CLANG_WARN_COMMA = YES;
				CLANG_WARN_CONSTANT_CONVERSION = YES;
				CLANG_WARN_DEPRECATED_OBJC_IMPLEMENTATIONS = YES;
				CLANG_WARN_DIRECT_OBJC_ISA_USAGE = YES_ERROR;
				CLANG_WARN_DOCUMENTATION_COMMENTS = YES;
				CLANG_WARN_EMPTY_BODY = YES;
				CLANG_WARN_ENUM_CONVERSION = YES;
				CLANG_WARN_INFINITE_RECURSION = YES;
				CLANG_WARN_INT_CONVERSION = YES;
				CLANG_WARN_NON_LITERAL_NULL_CONVERSION = YES;
				CLANG_WARN_OBJC_IMPLICIT_RETAIN_SELF = YES;
				CLANG_WARN_OBJC_LITERAL_CONVERSION = YES;
				CLANG_WARN_OBJC_ROOT_CLASS = YES_ERROR;
				CLANG_WARN_RANGE_LOOP_ANALYSIS = YES;
				CLANG_WARN_STRICT_PROTOTYPES = YES;
				CLANG_WARN_SUSPICIOUS_MOVE = YES;
				CLANG_WARN_UNGUARDED_AVAILABILITY = YES_AGGRESSIVE;
				CLANG_WARN_UNREACHABLE_CODE = YES;
				CLANG_WARN__DUPLICATE_METHOD_MATCH = YES;
				COPY_PHASE_STRIP = NO;
				DEBUG_INFORMATION_FORMAT = dwarf;
				ENABLE_STRICT_OBJC_MSGSEND = YES;
				ENABLE_TESTABILITY = YES;
				GCC_C_LANGUAGE_STANDARD = gnu11;
				GCC_DYNAMIC_NO_PIC = NO;
				GCC_NO_COMMON_BLOCKS = YES;
				GCC_OPTIMIZATION_LEVEL = 0;
				GCC_PREPROCESSOR_DEFINITIONS = (
					"DEBUG=1",
					"$(inherited)",
				);
				GCC_WARN_64_TO_32_BIT_CONVERSION = YES;
				GCC_WARN_ABOUT_RETURN_TYPE = YES_ERROR;
				GCC_WARN_UNDECLARED_SELECTOR = YES;
				GCC_WARN_UNINITIALIZED_AUTOS = YES_AGGRESSIVE;
				GCC_WARN_UNUSED_FUNCTION = YES;
				GCC_WARN_UNUSED_VARIABLE = YES;
				IPHONEOS_DEPLOYMENT_TARGET = 13.2;
				MTL_ENABLE_DEBUG_INFO = INCLUDE_SOURCE;
				MTL_FAST_MATH = YES;
				ONLY_ACTIVE_ARCH = YES;
				SDKROOT = iphoneos;
				SWIFT_ACTIVE_COMPILATION_CONDITIONS = DEBUG;
				SWIFT_OPTIMIZATION_LEVEL = "-Onone";
			};
			name = Debug;
		};
		8D83587924021BE30079A52D /* Release */ = {
			isa = XCBuildConfiguration;
			buildSettings = {
				ALWAYS_SEARCH_USER_PATHS = NO;
				CLANG_ANALYZER_NONNULL = YES;
				CLANG_ANALYZER_NUMBER_OBJECT_CONVERSION = YES_AGGRESSIVE;
				CLANG_CXX_LANGUAGE_STANDARD = "gnu++14";
				CLANG_CXX_LIBRARY = "libc++";
				CLANG_ENABLE_MODULES = YES;
				CLANG_ENABLE_OBJC_ARC = YES;
				CLANG_ENABLE_OBJC_WEAK = YES;
				CLANG_WARN_BLOCK_CAPTURE_AUTORELEASING = YES;
				CLANG_WARN_BOOL_CONVERSION = YES;
				CLANG_WARN_COMMA = YES;
				CLANG_WARN_CONSTANT_CONVERSION = YES;
				CLANG_WARN_DEPRECATED_OBJC_IMPLEMENTATIONS = YES;
				CLANG_WARN_DIRECT_OBJC_ISA_USAGE = YES_ERROR;
				CLANG_WARN_DOCUMENTATION_COMMENTS = YES;
				CLANG_WARN_EMPTY_BODY = YES;
				CLANG_WARN_ENUM_CONVERSION = YES;
				CLANG_WARN_INFINITE_RECURSION = YES;
				CLANG_WARN_INT_CONVERSION = YES;
				CLANG_WARN_NON_LITERAL_NULL_CONVERSION = YES;
				CLANG_WARN_OBJC_IMPLICIT_RETAIN_SELF = YES;
				CLANG_WARN_OBJC_LITERAL_CONVERSION = YES;
				CLANG_WARN_OBJC_ROOT_CLASS = YES_ERROR;
				CLANG_WARN_RANGE_LOOP_ANALYSIS = YES;
				CLANG_WARN_STRICT_PROTOTYPES = YES;
				CLANG_WARN_SUSPICIOUS_MOVE = YES;
				CLANG_WARN_UNGUARDED_AVAILABILITY = YES_AGGRESSIVE;
				CLANG_WARN_UNREACHABLE_CODE = YES;
				CLANG_WARN__DUPLICATE_METHOD_MATCH = YES;
				COPY_PHASE_STRIP = NO;
				DEBUG_INFORMATION_FORMAT = "dwarf-with-dsym";
				ENABLE_NS_ASSERTIONS = NO;
				ENABLE_STRICT_OBJC_MSGSEND = YES;
				GCC_C_LANGUAGE_STANDARD = gnu11;
				GCC_NO_COMMON_BLOCKS = YES;
				GCC_WARN_64_TO_32_BIT_CONVERSION = YES;
				GCC_WARN_ABOUT_RETURN_TYPE = YES_ERROR;
				GCC_WARN_UNDECLARED_SELECTOR = YES;
				GCC_WARN_UNINITIALIZED_AUTOS = YES_AGGRESSIVE;
				GCC_WARN_UNUSED_FUNCTION = YES;
				GCC_WARN_UNUSED_VARIABLE = YES;
				IPHONEOS_DEPLOYMENT_TARGET = 13.2;
				MTL_ENABLE_DEBUG_INFO = NO;
				MTL_FAST_MATH = YES;
				SDKROOT = iphoneos;
				SWIFT_COMPILATION_MODE = wholemodule;
				SWIFT_OPTIMIZATION_LEVEL = "-O";
				VALIDATE_PRODUCT = YES;
			};
			name = Release;
		};
		8D83587B24021BE30079A52D /* Debug */ = {
			isa = XCBuildConfiguration;
			buildSettings = {
				ASSETCATALOG_COMPILER_APPICON_NAME = AppIcon;
				CODE_SIGN_STYLE = Automatic;
				DEVELOPMENT_TEAM = P6M8L2FFBD;
				INFOPLIST_FILE = ARPokerDice/Info.plist;
				IPHONEOS_DEPLOYMENT_TARGET = 13.1;
				LD_RUNPATH_SEARCH_PATHS = (
					"$(inherited)",
					"@executable_path/Frameworks",
				);
				PRODUCT_BUNDLE_IDENTIFIER = com.joy.ARPokerDice;
				PRODUCT_NAME = "$(TARGET_NAME)";
				SWIFT_VERSION = 5.0;
				TARGETED_DEVICE_FAMILY = "1,2";
			};
			name = Debug;
		};
		8D83587C24021BE30079A52D /* Release */ = {
			isa = XCBuildConfiguration;
			buildSettings = {
				ASSETCATALOG_COMPILER_APPICON_NAME = AppIcon;
				CODE_SIGN_STYLE = Automatic;
				DEVELOPMENT_TEAM = P6M8L2FFBD;
				INFOPLIST_FILE = ARPokerDice/Info.plist;
				IPHONEOS_DEPLOYMENT_TARGET = 13.1;
				LD_RUNPATH_SEARCH_PATHS = (
					"$(inherited)",
					"@executable_path/Frameworks",
				);
				PRODUCT_BUNDLE_IDENTIFIER = com.joy.ARPokerDice;
				PRODUCT_NAME = "$(TARGET_NAME)";
				SWIFT_VERSION = 5.0;
				TARGETED_DEVICE_FAMILY = "1,2";
			};
			name = Release;
		};
/* End XCBuildConfiguration section */

/* Begin XCConfigurationList section */
		8D83586124021BE00079A52D /* Build configuration list for PBXProject "ARPokerDice" */ = {
			isa = XCConfigurationList;
			buildConfigurations = (
				8D83587824021BE30079A52D /* Debug */,
				8D83587924021BE30079A52D /* Release */,
			);
			defaultConfigurationIsVisible = 0;
			defaultConfigurationName = Release;
		};
		8D83587A24021BE30079A52D /* Build configuration list for PBXNativeTarget "ARPokerDice" */ = {
			isa = XCConfigurationList;
			buildConfigurations = (
				8D83587B24021BE30079A52D /* Debug */,
				8D83587C24021BE30079A52D /* Release */,
			);
			defaultConfigurationIsVisible = 0;
			defaultConfigurationName = Release;
		};
/* End XCConfigurationList section */
	};
	rootObject = 8D83585E24021BE00079A52D /* Project object */;
}
